// !$*UTF8*$!
{
	archiveVersion = 1;
	classes = {
	};
	objectVersion = 46;
	objects = {

/* Begin PBXBuildFile section */
		1008F9031FA4D7F9003F4BF1 /* ViewControllerTests.swift in Sources */ = {isa = PBXBuildFile; fileRef = 1008F9021FA4D7F9003F4BF1 /* ViewControllerTests.swift */; };
		1008FD741F77EEFA0077316E /* ExampleViewModel.swift in Sources */ = {isa = PBXBuildFile; fileRef = 1008FD731F77EEFA0077316E /* ExampleViewModel.swift */; };
		1008FD761F77EF1D0077316E /* ExampleStruct.swift in Sources */ = {isa = PBXBuildFile; fileRef = 1008FD751F77EF1D0077316E /* ExampleStruct.swift */; };
		1008FD781F77EF7A0077316E /* ExampleClassExtension.swift in Sources */ = {isa = PBXBuildFile; fileRef = 1008FD771F77EF7A0077316E /* ExampleClassExtension.swift */; };
		1008FD7A1F77EFA50077316E /* ExampleViewModelTests.swift in Sources */ = {isa = PBXBuildFile; fileRef = 1008FD791F77EFA50077316E /* ExampleViewModelTests.swift */; };
		1008FD7C1F77EFFD0077316E /* ExampleStructTests.swift in Sources */ = {isa = PBXBuildFile; fileRef = 1008FD7B1F77EFFD0077316E /* ExampleStructTests.swift */; };
		10C976AA1F6D96CA00B5BBF7 /* AppDelegate.swift in Sources */ = {isa = PBXBuildFile; fileRef = 10C976A91F6D96CA00B5BBF7 /* AppDelegate.swift */; };
		10C976AC1F6D96CA00B5BBF7 /* ViewController.swift in Sources */ = {isa = PBXBuildFile; fileRef = 10C976AB1F6D96CA00B5BBF7 /* ViewController.swift */; };
		10C976AF1F6D96CA00B5BBF7 /* Main.storyboard in Resources */ = {isa = PBXBuildFile; fileRef = 10C976AD1F6D96CA00B5BBF7 /* Main.storyboard */; };
		10C976B11F6D96CA00B5BBF7 /* Assets.xcassets in Resources */ = {isa = PBXBuildFile; fileRef = 10C976B01F6D96CA00B5BBF7 /* Assets.xcassets */; };
		10C976B41F6D96CA00B5BBF7 /* LaunchScreen.storyboard in Resources */ = {isa = PBXBuildFile; fileRef = 10C976B21F6D96CA00B5BBF7 /* LaunchScreen.storyboard */; };
		10C976BF1F6D96CB00B5BBF7 /* InjectionTDDTests.swift in Sources */ = {isa = PBXBuildFile; fileRef = 10C976BE1F6D96CB00B5BBF7 /* InjectionTDDTests.swift */; };
		357F05582110E02E64EFC4D4 /* Pods_InjectionTDDTests.framework in Frameworks */ = {isa = PBXBuildFile; fileRef = C0FB34952174F688A48FC67E /* Pods_InjectionTDDTests.framework */; };
		B0620FA53BFFA6DD736D19CC /* Pods_InjectionTDD.framework in Frameworks */ = {isa = PBXBuildFile; fileRef = 5FB3BDDCB695CB486A4946A6 /* Pods_InjectionTDD.framework */; };
/* End PBXBuildFile section */

/* Begin PBXContainerItemProxy section */
		10C976BB1F6D96CA00B5BBF7 /* PBXContainerItemProxy */ = {
			isa = PBXContainerItemProxy;
			containerPortal = 607FACC81AFB9204008FA782 /* Project object */;
			proxyType = 1;
			remoteGlobalIDString = 10C976A61F6D96CA00B5BBF7;
			remoteInfo = InjectionTDD;
		};
/* End PBXContainerItemProxy section */

/* Begin PBXFileReference section */
		0143CEA12B349DEE1433BC55 /* Pods_InjectionTDD_Tests.framework */ = {isa = PBXFileReference; explicitFileType = wrapper.framework; includeInIndex = 0; path = Pods_InjectionTDD_Tests.framework; sourceTree = BUILT_PRODUCTS_DIR; };
		1008F9021FA4D7F9003F4BF1 /* ViewControllerTests.swift */ = {isa = PBXFileReference; lastKnownFileType = sourcecode.swift; path = ViewControllerTests.swift; sourceTree = "<group>"; };
		1008FD731F77EEFA0077316E /* ExampleViewModel.swift */ = {isa = PBXFileReference; lastKnownFileType = sourcecode.swift; path = ExampleViewModel.swift; sourceTree = "<group>"; };
		1008FD751F77EF1D0077316E /* ExampleStruct.swift */ = {isa = PBXFileReference; lastKnownFileType = sourcecode.swift; path = ExampleStruct.swift; sourceTree = "<group>"; };
		1008FD771F77EF7A0077316E /* ExampleClassExtension.swift */ = {isa = PBXFileReference; lastKnownFileType = sourcecode.swift; path = ExampleClassExtension.swift; sourceTree = "<group>"; };
		1008FD791F77EFA50077316E /* ExampleViewModelTests.swift */ = {isa = PBXFileReference; lastKnownFileType = sourcecode.swift; path = ExampleViewModelTests.swift; sourceTree = "<group>"; };
		1008FD7B1F77EFFD0077316E /* ExampleStructTests.swift */ = {isa = PBXFileReference; lastKnownFileType = sourcecode.swift; path = ExampleStructTests.swift; sourceTree = "<group>"; };
		10C976A71F6D96CA00B5BBF7 /* InjectionTDD.app */ = {isa = PBXFileReference; explicitFileType = wrapper.application; includeInIndex = 0; path = InjectionTDD.app; sourceTree = BUILT_PRODUCTS_DIR; };
		10C976A91F6D96CA00B5BBF7 /* AppDelegate.swift */ = {isa = PBXFileReference; lastKnownFileType = sourcecode.swift; path = AppDelegate.swift; sourceTree = "<group>"; };
		10C976AB1F6D96CA00B5BBF7 /* ViewController.swift */ = {isa = PBXFileReference; lastKnownFileType = sourcecode.swift; path = ViewController.swift; sourceTree = "<group>"; };
		10C976AE1F6D96CA00B5BBF7 /* Base */ = {isa = PBXFileReference; lastKnownFileType = file.storyboard; name = Base; path = Base.lproj/Main.storyboard; sourceTree = "<group>"; };
		10C976B01F6D96CA00B5BBF7 /* Assets.xcassets */ = {isa = PBXFileReference; lastKnownFileType = folder.assetcatalog; path = Assets.xcassets; sourceTree = "<group>"; };
		10C976B31F6D96CA00B5BBF7 /* Base */ = {isa = PBXFileReference; lastKnownFileType = file.storyboard; name = Base; path = Base.lproj/LaunchScreen.storyboard; sourceTree = "<group>"; };
		10C976B51F6D96CA00B5BBF7 /* Info.plist */ = {isa = PBXFileReference; lastKnownFileType = text.plist.xml; path = Info.plist; sourceTree = "<group>"; };
		10C976BA1F6D96CA00B5BBF7 /* InjectionTDDTests.xctest */ = {isa = PBXFileReference; explicitFileType = wrapper.cfbundle; includeInIndex = 0; path = InjectionTDDTests.xctest; sourceTree = BUILT_PRODUCTS_DIR; };
		10C976BE1F6D96CB00B5BBF7 /* InjectionTDDTests.swift */ = {isa = PBXFileReference; lastKnownFileType = sourcecode.swift; path = InjectionTDDTests.swift; sourceTree = "<group>"; };
		10C976C01F6D96CB00B5BBF7 /* Info.plist */ = {isa = PBXFileReference; lastKnownFileType = text.plist.xml; path = Info.plist; sourceTree = "<group>"; };
		5FB3BDDCB695CB486A4946A6 /* Pods_InjectionTDD.framework */ = {isa = PBXFileReference; explicitFileType = wrapper.framework; includeInIndex = 0; path = Pods_InjectionTDD.framework; sourceTree = BUILT_PRODUCTS_DIR; };
		79985C77740F7DE0B3791DBD /* Pods-InjectionTDD.debug.xcconfig */ = {isa = PBXFileReference; includeInIndex = 1; lastKnownFileType = text.xcconfig; name = "Pods-InjectionTDD.debug.xcconfig"; path = "Pods/Target Support Files/Pods-InjectionTDD/Pods-InjectionTDD.debug.xcconfig"; sourceTree = "<group>"; };
		9FE895B4E794DBE1EF62558F /* LICENSE */ = {isa = PBXFileReference; includeInIndex = 1; lastKnownFileType = text; name = LICENSE; path = ../LICENSE; sourceTree = "<group>"; };
		A1BF993C26BCF93FE5478059 /* Pods-InjectionTDD_Tests.release.xcconfig */ = {isa = PBXFileReference; includeInIndex = 1; lastKnownFileType = text.xcconfig; name = "Pods-InjectionTDD_Tests.release.xcconfig"; path = "Pods/Target Support Files/Pods-InjectionTDD_Tests/Pods-InjectionTDD_Tests.release.xcconfig"; sourceTree = "<group>"; };
		A3980063C178A7047FFE6628 /* Pods-InjectionTDD.release.xcconfig */ = {isa = PBXFileReference; includeInIndex = 1; lastKnownFileType = text.xcconfig; name = "Pods-InjectionTDD.release.xcconfig"; path = "Pods/Target Support Files/Pods-InjectionTDD/Pods-InjectionTDD.release.xcconfig"; sourceTree = "<group>"; };
		AA590F765E138F6AEC994771 /* Pods-InjectionTDDTests.debug.xcconfig */ = {isa = PBXFileReference; includeInIndex = 1; lastKnownFileType = text.xcconfig; name = "Pods-InjectionTDDTests.debug.xcconfig"; path = "Pods/Target Support Files/Pods-InjectionTDDTests/Pods-InjectionTDDTests.debug.xcconfig"; sourceTree = "<group>"; };
		BAE75AB42E7533B546C9E7A3 /* Pods-InjectionTDD_Tests.debug.xcconfig */ = {isa = PBXFileReference; includeInIndex = 1; lastKnownFileType = text.xcconfig; name = "Pods-InjectionTDD_Tests.debug.xcconfig"; path = "Pods/Target Support Files/Pods-InjectionTDD_Tests/Pods-InjectionTDD_Tests.debug.xcconfig"; sourceTree = "<group>"; };
		C0FB34952174F688A48FC67E /* Pods_InjectionTDDTests.framework */ = {isa = PBXFileReference; explicitFileType = wrapper.framework; includeInIndex = 0; path = Pods_InjectionTDDTests.framework; sourceTree = BUILT_PRODUCTS_DIR; };
		D1250BA370539426D4731F30 /* Pods-InjectionTDDTests.release.xcconfig */ = {isa = PBXFileReference; includeInIndex = 1; lastKnownFileType = text.xcconfig; name = "Pods-InjectionTDDTests.release.xcconfig"; path = "Pods/Target Support Files/Pods-InjectionTDDTests/Pods-InjectionTDDTests.release.xcconfig"; sourceTree = "<group>"; };
		D6A20B224829558874A0D1B7 /* InjectionTDD.podspec */ = {isa = PBXFileReference; includeInIndex = 1; lastKnownFileType = text; name = InjectionTDD.podspec; path = ../InjectionTDD.podspec; sourceTree = "<group>"; };
		F66B387B2A998E336B348778 /* README.md */ = {isa = PBXFileReference; includeInIndex = 1; lastKnownFileType = net.daringfireball.markdown; name = README.md; path = ../README.md; sourceTree = "<group>"; };
/* End PBXFileReference section */

/* Begin PBXFrameworksBuildPhase section */
		10C976A41F6D96CA00B5BBF7 /* Frameworks */ = {
			isa = PBXFrameworksBuildPhase;
			buildActionMask = 2147483647;
			files = (
				B0620FA53BFFA6DD736D19CC /* Pods_InjectionTDD.framework in Frameworks */,
			);
			runOnlyForDeploymentPostprocessing = 0;
		};
		10C976B71F6D96CA00B5BBF7 /* Frameworks */ = {
			isa = PBXFrameworksBuildPhase;
			buildActionMask = 2147483647;
			files = (
				357F05582110E02E64EFC4D4 /* Pods_InjectionTDDTests.framework in Frameworks */,
			);
			runOnlyForDeploymentPostprocessing = 0;
		};
/* End PBXFrameworksBuildPhase section */

/* Begin PBXGroup section */
		10C976A81F6D96CA00B5BBF7 /* InjectionTDD */ = {
			isa = PBXGroup;
			children = (
				10C976A91F6D96CA00B5BBF7 /* AppDelegate.swift */,
				10C976AB1F6D96CA00B5BBF7 /* ViewController.swift */,
				10C976AD1F6D96CA00B5BBF7 /* Main.storyboard */,
				10C976B01F6D96CA00B5BBF7 /* Assets.xcassets */,
				10C976B21F6D96CA00B5BBF7 /* LaunchScreen.storyboard */,
				10C976B51F6D96CA00B5BBF7 /* Info.plist */,
				1008FD731F77EEFA0077316E /* ExampleViewModel.swift */,
				1008FD751F77EF1D0077316E /* ExampleStruct.swift */,
				1008FD771F77EF7A0077316E /* ExampleClassExtension.swift */,
			);
			path = InjectionTDD;
			sourceTree = "<group>";
		};
		10C976BD1F6D96CB00B5BBF7 /* InjectionTDDTests */ = {
			isa = PBXGroup;
			children = (
				10C976BE1F6D96CB00B5BBF7 /* InjectionTDDTests.swift */,
				1008F9021FA4D7F9003F4BF1 /* ViewControllerTests.swift */,
				10C976C01F6D96CB00B5BBF7 /* Info.plist */,
				1008FD791F77EFA50077316E /* ExampleViewModelTests.swift */,
				1008FD7B1F77EFFD0077316E /* ExampleStructTests.swift */,
			);
			path = InjectionTDDTests;
			sourceTree = "<group>";
		};
		607FACC71AFB9204008FA782 = {
			isa = PBXGroup;
			children = (
				607FACF51AFB993E008FA782 /* Podspec Metadata */,
				10C976A81F6D96CA00B5BBF7 /* InjectionTDD */,
				10C976BD1F6D96CB00B5BBF7 /* InjectionTDDTests */,
				607FACD11AFB9204008FA782 /* Products */,
				8B570278379CFBE1CFFD76BB /* Pods */,
				FF8B7F25EC8D537A40CAB81F /* Frameworks */,
			);
			sourceTree = "<group>";
		};
		607FACD11AFB9204008FA782 /* Products */ = {
			isa = PBXGroup;
			children = (
				10C976A71F6D96CA00B5BBF7 /* InjectionTDD.app */,
				10C976BA1F6D96CA00B5BBF7 /* InjectionTDDTests.xctest */,
			);
			name = Products;
			sourceTree = "<group>";
		};
		607FACF51AFB993E008FA782 /* Podspec Metadata */ = {
			isa = PBXGroup;
			children = (
				D6A20B224829558874A0D1B7 /* InjectionTDD.podspec */,
				F66B387B2A998E336B348778 /* README.md */,
				9FE895B4E794DBE1EF62558F /* LICENSE */,
			);
			name = "Podspec Metadata";
			sourceTree = "<group>";
		};
		8B570278379CFBE1CFFD76BB /* Pods */ = {
			isa = PBXGroup;
			children = (
				BAE75AB42E7533B546C9E7A3 /* Pods-InjectionTDD_Tests.debug.xcconfig */,
				A1BF993C26BCF93FE5478059 /* Pods-InjectionTDD_Tests.release.xcconfig */,
				79985C77740F7DE0B3791DBD /* Pods-InjectionTDD.debug.xcconfig */,
				A3980063C178A7047FFE6628 /* Pods-InjectionTDD.release.xcconfig */,
				AA590F765E138F6AEC994771 /* Pods-InjectionTDDTests.debug.xcconfig */,
				D1250BA370539426D4731F30 /* Pods-InjectionTDDTests.release.xcconfig */,
			);
			name = Pods;
			sourceTree = "<group>";
		};
		FF8B7F25EC8D537A40CAB81F /* Frameworks */ = {
			isa = PBXGroup;
			children = (
				0143CEA12B349DEE1433BC55 /* Pods_InjectionTDD_Tests.framework */,
				5FB3BDDCB695CB486A4946A6 /* Pods_InjectionTDD.framework */,
				C0FB34952174F688A48FC67E /* Pods_InjectionTDDTests.framework */,
			);
			name = Frameworks;
			sourceTree = "<group>";
		};
/* End PBXGroup section */

/* Begin PBXNativeTarget section */
		10C976A61F6D96CA00B5BBF7 /* InjectionTDD */ = {
			isa = PBXNativeTarget;
			buildConfigurationList = 10C976C11F6D96CB00B5BBF7 /* Build configuration list for PBXNativeTarget "InjectionTDD" */;
			buildPhases = (
				F2277F43724C11FFC1556F5B /* [CP] Check Pods Manifest.lock */,
				10C976A31F6D96CA00B5BBF7 /* Sources */,
				10C976A41F6D96CA00B5BBF7 /* Frameworks */,
				10C976A51F6D96CA00B5BBF7 /* Resources */,
				97AEC1F5AF53244851C44D96 /* [CP] Embed Pods Frameworks */,
				28CA24A39BAD990C9A8873A9 /* [CP] Copy Pods Resources */,
			);
			buildRules = (
			);
			dependencies = (
			);
			name = InjectionTDD;
			productName = InjectionTDD;
			productReference = 10C976A71F6D96CA00B5BBF7 /* InjectionTDD.app */;
			productType = "com.apple.product-type.application";
		};
		10C976B91F6D96CA00B5BBF7 /* InjectionTDDTests */ = {
			isa = PBXNativeTarget;
			buildConfigurationList = 10C976C41F6D96CB00B5BBF7 /* Build configuration list for PBXNativeTarget "InjectionTDDTests" */;
			buildPhases = (
				98A3DB1096149CBD3A32533F /* [CP] Check Pods Manifest.lock */,
				10C976B61F6D96CA00B5BBF7 /* Sources */,
				10C976B71F6D96CA00B5BBF7 /* Frameworks */,
				10C976B81F6D96CA00B5BBF7 /* Resources */,
				AD4328F95E8389EFD1266546 /* [CP] Embed Pods Frameworks */,
				FD40F5711265DE065255D112 /* [CP] Copy Pods Resources */,
			);
			buildRules = (
			);
			dependencies = (
				10C976BC1F6D96CA00B5BBF7 /* PBXTargetDependency */,
			);
			name = InjectionTDDTests;
			productName = InjectionTDDTests;
			productReference = 10C976BA1F6D96CA00B5BBF7 /* InjectionTDDTests.xctest */;
			productType = "com.apple.product-type.bundle.unit-test";
		};
/* End PBXNativeTarget section */

/* Begin PBXProject section */
		607FACC81AFB9204008FA782 /* Project object */ = {
			isa = PBXProject;
			attributes = {
				LastSwiftUpdateCheck = 0830;
				LastUpgradeCheck = 0820;
				ORGANIZATIONNAME = "Bartosz Polaczyk";
				TargetAttributes = {
					10C976A61F6D96CA00B5BBF7 = {
						CreatedOnToolsVersion = 8.3.2;
						LastSwiftMigration = 0900;
						ProvisioningStyle = Automatic;
					};
					10C976B91F6D96CA00B5BBF7 = {
						CreatedOnToolsVersion = 8.3.2;
						LastSwiftMigration = 0900;
						ProvisioningStyle = Automatic;
						TestTargetID = 10C976A61F6D96CA00B5BBF7;
					};
				};
			};
			buildConfigurationList = 607FACCB1AFB9204008FA782 /* Build configuration list for PBXProject "InjectionTDD" */;
			compatibilityVersion = "Xcode 3.2";
			developmentRegion = English;
			hasScannedForEncodings = 0;
			knownRegions = (
				en,
				Base,
			);
			mainGroup = 607FACC71AFB9204008FA782;
			productRefGroup = 607FACD11AFB9204008FA782 /* Products */;
			projectDirPath = "";
			projectRoot = "";
			targets = (
				10C976A61F6D96CA00B5BBF7 /* InjectionTDD */,
				10C976B91F6D96CA00B5BBF7 /* InjectionTDDTests */,
			);
		};
/* End PBXProject section */

/* Begin PBXResourcesBuildPhase section */
		10C976A51F6D96CA00B5BBF7 /* Resources */ = {
			isa = PBXResourcesBuildPhase;
			buildActionMask = 2147483647;
			files = (
				10C976B41F6D96CA00B5BBF7 /* LaunchScreen.storyboard in Resources */,
				10C976B11F6D96CA00B5BBF7 /* Assets.xcassets in Resources */,
				10C976AF1F6D96CA00B5BBF7 /* Main.storyboard in Resources */,
			);
			runOnlyForDeploymentPostprocessing = 0;
		};
		10C976B81F6D96CA00B5BBF7 /* Resources */ = {
			isa = PBXResourcesBuildPhase;
			buildActionMask = 2147483647;
			files = (
			);
			runOnlyForDeploymentPostprocessing = 0;
		};
/* End PBXResourcesBuildPhase section */

/* Begin PBXShellScriptBuildPhase section */
		28CA24A39BAD990C9A8873A9 /* [CP] Copy Pods Resources */ = {
			isa = PBXShellScriptBuildPhase;
			buildActionMask = 2147483647;
			files = (
			);
			inputPaths = (
			);
			name = "[CP] Copy Pods Resources";
			outputPaths = (
			);
			runOnlyForDeploymentPostprocessing = 0;
			shellPath = /bin/sh;
			shellScript = "\"${SRCROOT}/Pods/Target Support Files/Pods-InjectionTDD/Pods-InjectionTDD-resources.sh\"\n";
			showEnvVarsInLog = 0;
		};
		97AEC1F5AF53244851C44D96 /* [CP] Embed Pods Frameworks */ = {
			isa = PBXShellScriptBuildPhase;
			buildActionMask = 2147483647;
			files = (
			);
			inputPaths = (
			);
			name = "[CP] Embed Pods Frameworks";
			outputPaths = (
			);
			runOnlyForDeploymentPostprocessing = 0;
			shellPath = /bin/sh;
			shellScript = "\"${SRCROOT}/Pods/Target Support Files/Pods-InjectionTDD/Pods-InjectionTDD-frameworks.sh\"\n";
			showEnvVarsInLog = 0;
		};
		98A3DB1096149CBD3A32533F /* [CP] Check Pods Manifest.lock */ = {
			isa = PBXShellScriptBuildPhase;
			buildActionMask = 2147483647;
			files = (
			);
			inputPaths = (
				"${PODS_PODFILE_DIR_PATH}/Podfile.lock",
				"${PODS_ROOT}/Manifest.lock",
			);
			name = "[CP] Check Pods Manifest.lock";
			outputPaths = (
				"$(DERIVED_FILE_DIR)/Pods-InjectionTDDTests-checkManifestLockResult.txt",
			);
			runOnlyForDeploymentPostprocessing = 0;
			shellPath = /bin/sh;
			shellScript = "diff \"${PODS_PODFILE_DIR_PATH}/Podfile.lock\" \"${PODS_ROOT}/Manifest.lock\" > /dev/null\nif [ $? != 0 ] ; then\n    # print error to STDERR\n    echo \"error: The sandbox is not in sync with the Podfile.lock. Run 'pod install' or update your CocoaPods installation.\" >&2\n    exit 1\nfi\n# This output is used by Xcode 'outputs' to avoid re-running this script phase.\necho \"SUCCESS\" > \"${SCRIPT_OUTPUT_FILE_0}\"\n";
			showEnvVarsInLog = 0;
		};
		AD4328F95E8389EFD1266546 /* [CP] Embed Pods Frameworks */ = {
			isa = PBXShellScriptBuildPhase;
			buildActionMask = 2147483647;
			files = (
			);
			inputPaths = (
				"${SRCROOT}/Pods/Target Support Files/Pods-InjectionTDDTests/Pods-InjectionTDDTests-frameworks.sh",
				"${BUILT_PRODUCTS_DIR}/InjectionTDD/InjectionTDD.framework",
			);
			name = "[CP] Embed Pods Frameworks";
			outputPaths = (
				"${TARGET_BUILD_DIR}/${FRAMEWORKS_FOLDER_PATH}/InjectionTDD.framework",
			);
			runOnlyForDeploymentPostprocessing = 0;
			shellPath = /bin/sh;
			shellScript = "\"${SRCROOT}/Pods/Target Support Files/Pods-InjectionTDDTests/Pods-InjectionTDDTests-frameworks.sh\"\n";
			showEnvVarsInLog = 0;
		};
		F2277F43724C11FFC1556F5B /* [CP] Check Pods Manifest.lock */ = {
			isa = PBXShellScriptBuildPhase;
			buildActionMask = 2147483647;
			files = (
			);
			inputPaths = (
				"${PODS_PODFILE_DIR_PATH}/Podfile.lock",
				"${PODS_ROOT}/Manifest.lock",
			);
			name = "[CP] Check Pods Manifest.lock";
			outputPaths = (
				"$(DERIVED_FILE_DIR)/Pods-InjectionTDD-checkManifestLockResult.txt",
			);
			runOnlyForDeploymentPostprocessing = 0;
			shellPath = /bin/sh;
			shellScript = "diff \"${PODS_PODFILE_DIR_PATH}/Podfile.lock\" \"${PODS_ROOT}/Manifest.lock\" > /dev/null\nif [ $? != 0 ] ; then\n    # print error to STDERR\n    echo \"error: The sandbox is not in sync with the Podfile.lock. Run 'pod install' or update your CocoaPods installation.\" >&2\n    exit 1\nfi\n# This output is used by Xcode 'outputs' to avoid re-running this script phase.\necho \"SUCCESS\" > \"${SCRIPT_OUTPUT_FILE_0}\"\n";
			showEnvVarsInLog = 0;
		};
		FD40F5711265DE065255D112 /* [CP] Copy Pods Resources */ = {
			isa = PBXShellScriptBuildPhase;
			buildActionMask = 2147483647;
			files = (
			);
			inputPaths = (
			);
			name = "[CP] Copy Pods Resources";
			outputPaths = (
			);
			runOnlyForDeploymentPostprocessing = 0;
			shellPath = /bin/sh;
			shellScript = "\"${SRCROOT}/Pods/Target Support Files/Pods-InjectionTDDTests/Pods-InjectionTDDTests-resources.sh\"\n";
			showEnvVarsInLog = 0;
		};
/* End PBXShellScriptBuildPhase section */

/* Begin PBXSourcesBuildPhase section */
		10C976A31F6D96CA00B5BBF7 /* Sources */ = {
			isa = PBXSourcesBuildPhase;
			buildActionMask = 2147483647;
			files = (
				1008FD781F77EF7A0077316E /* ExampleClassExtension.swift in Sources */,
				10C976AC1F6D96CA00B5BBF7 /* ViewController.swift in Sources */,
				1008FD741F77EEFA0077316E /* ExampleViewModel.swift in Sources */,
				10C976AA1F6D96CA00B5BBF7 /* AppDelegate.swift in Sources */,
				1008FD761F77EF1D0077316E /* ExampleStruct.swift in Sources */,
			);
			runOnlyForDeploymentPostprocessing = 0;
		};
		10C976B61F6D96CA00B5BBF7 /* Sources */ = {
			isa = PBXSourcesBuildPhase;
			buildActionMask = 2147483647;
			files = (
				10C976BF1F6D96CB00B5BBF7 /* InjectionTDDTests.swift in Sources */,
				1008FD7C1F77EFFD0077316E /* ExampleStructTests.swift in Sources */,
				1008F9031FA4D7F9003F4BF1 /* ViewControllerTests.swift in Sources */,
				1008FD7A1F77EFA50077316E /* ExampleViewModelTests.swift in Sources */,
			);
			runOnlyForDeploymentPostprocessing = 0;
		};
/* End PBXSourcesBuildPhase section */

/* Begin PBXTargetDependency section */
		10C976BC1F6D96CA00B5BBF7 /* PBXTargetDependency */ = {
			isa = PBXTargetDependency;
			target = 10C976A61F6D96CA00B5BBF7 /* InjectionTDD */;
			targetProxy = 10C976BB1F6D96CA00B5BBF7 /* PBXContainerItemProxy */;
		};
/* End PBXTargetDependency section */

/* Begin PBXVariantGroup section */
		10C976AD1F6D96CA00B5BBF7 /* Main.storyboard */ = {
			isa = PBXVariantGroup;
			children = (
				10C976AE1F6D96CA00B5BBF7 /* Base */,
			);
			name = Main.storyboard;
			sourceTree = "<group>";
		};
		10C976B21F6D96CA00B5BBF7 /* LaunchScreen.storyboard */ = {
			isa = PBXVariantGroup;
			children = (
				10C976B31F6D96CA00B5BBF7 /* Base */,
			);
			name = LaunchScreen.storyboard;
			sourceTree = "<group>";
		};
/* End PBXVariantGroup section */

/* Begin XCBuildConfiguration section */
		10C976C21F6D96CB00B5BBF7 /* Debug */ = {
			isa = XCBuildConfiguration;
			baseConfigurationReference = 79985C77740F7DE0B3791DBD /* Pods-InjectionTDD.debug.xcconfig */;
			buildSettings = {
				ASSETCATALOG_COMPILER_APPICON_NAME = AppIcon;
				CLANG_ANALYZER_NONNULL = YES;
				CLANG_ANALYZER_NUMBER_OBJECT_CONVERSION = YES_AGGRESSIVE;
				CLANG_WARN_DOCUMENTATION_COMMENTS = YES;
				DEBUG_INFORMATION_FORMAT = dwarf;
				INFOPLIST_FILE = InjectionTDD/Info.plist;
				IPHONEOS_DEPLOYMENT_TARGET = 9.1;
				LD_RUNPATH_SEARCH_PATHS = "$(inherited) @executable_path/Frameworks";
				PRODUCT_BUNDLE_IDENTIFIER = com.polaczyk.InjectionTDD;
				PRODUCT_NAME = "$(TARGET_NAME)";
				SWIFT_ACTIVE_COMPILATION_CONDITIONS = DEBUG;
				SWIFT_SWIFT3_OBJC_INFERENCE = On;
				SWIFT_VERSION = 4.0;
				TARGETED_DEVICE_FAMILY = "1,2";
			};
			name = Debug;
		};
		10C976C31F6D96CB00B5BBF7 /* Release */ = {
			isa = XCBuildConfiguration;
			baseConfigurationReference = A3980063C178A7047FFE6628 /* Pods-InjectionTDD.release.xcconfig */;
			buildSettings = {
				ASSETCATALOG_COMPILER_APPICON_NAME = AppIcon;
				CLANG_ANALYZER_NONNULL = YES;
				CLANG_ANALYZER_NUMBER_OBJECT_CONVERSION = YES_AGGRESSIVE;
				CLANG_WARN_DOCUMENTATION_COMMENTS = YES;
				INFOPLIST_FILE = InjectionTDD/Info.plist;
				IPHONEOS_DEPLOYMENT_TARGET = 9.1;
				LD_RUNPATH_SEARCH_PATHS = "$(inherited) @executable_path/Frameworks";
				PRODUCT_BUNDLE_IDENTIFIER = com.polaczyk.InjectionTDD;
				PRODUCT_NAME = "$(TARGET_NAME)";
				SWIFT_SWIFT3_OBJC_INFERENCE = On;
				SWIFT_VERSION = 4.0;
				TARGETED_DEVICE_FAMILY = "1,2";
			};
			name = Release;
		};
		10C976C51F6D96CB00B5BBF7 /* Debug */ = {
			isa = XCBuildConfiguration;
			baseConfigurationReference = AA590F765E138F6AEC994771 /* Pods-InjectionTDDTests.debug.xcconfig */;
			buildSettings = {
				ALWAYS_EMBED_SWIFT_STANDARD_LIBRARIES = YES;
				BUNDLE_LOADER = "$(TEST_HOST)";
				CLANG_ANALYZER_NONNULL = YES;
				CLANG_ANALYZER_NUMBER_OBJECT_CONVERSION = YES_AGGRESSIVE;
				CLANG_WARN_DOCUMENTATION_COMMENTS = YES;
				DEBUG_INFORMATION_FORMAT = dwarf;
				INFOPLIST_FILE = InjectionTDDTests/Info.plist;
				IPHONEOS_DEPLOYMENT_TARGET = 10.3;
				LD_RUNPATH_SEARCH_PATHS = "$(inherited) @executable_path/Frameworks @loader_path/Frameworks";
				PRODUCT_BUNDLE_IDENTIFIER = com.polaczyk.InjectionTDDTests;
				PRODUCT_NAME = "$(TARGET_NAME)";
				SWIFT_ACTIVE_COMPILATION_CONDITIONS = DEBUG;
				SWIFT_SWIFT3_OBJC_INFERENCE = On;
				SWIFT_VERSION = 4.0;
				TEST_HOST = "$(BUILT_PRODUCTS_DIR)/InjectionTDD.app/InjectionTDD";
			};
			name = Debug;
		};
		10C976C61F6D96CB00B5BBF7 /* Release */ = {
			isa = XCBuildConfiguration;
			baseConfigurationReference = D1250BA370539426D4731F30 /* Pods-InjectionTDDTests.release.xcconfig */;
			buildSettings = {
				ALWAYS_EMBED_SWIFT_STANDARD_LIBRARIES = YES;
				BUNDLE_LOADER = "$(TEST_HOST)";
				CLANG_ANALYZER_NONNULL = YES;
				CLANG_ANALYZER_NUMBER_OBJECT_CONVERSION = YES_AGGRESSIVE;
				CLANG_WARN_DOCUMENTATION_COMMENTS = YES;
				INFOPLIST_FILE = InjectionTDDTests/Info.plist;
				IPHONEOS_DEPLOYMENT_TARGET = 10.3;
				LD_RUNPATH_SEARCH_PATHS = "$(inherited) @executable_path/Frameworks @loader_path/Frameworks";
				PRODUCT_BUNDLE_IDENTIFIER = com.polaczyk.InjectionTDDTests;
				PRODUCT_NAME = "$(TARGET_NAME)";
				SWIFT_SWIFT3_OBJC_INFERENCE = On;
				SWIFT_VERSION = 4.0;
				TEST_HOST = "$(BUILT_PRODUCTS_DIR)/InjectionTDD.app/InjectionTDD";
			};
			name = Release;
		};
		607FACED1AFB9204008FA782 /* Debug */ = {
			isa = XCBuildConfiguration;
			buildSettings = {
				ALWAYS_SEARCH_USER_PATHS = NO;
				CLANG_CXX_LANGUAGE_STANDARD = "gnu++0x";
				CLANG_CXX_LIBRARY = "libc++";
				CLANG_ENABLE_MODULES = YES;
				CLANG_ENABLE_OBJC_ARC = YES;
				CLANG_WARN_BOOL_CONVERSION = YES;
				CLANG_WARN_CONSTANT_CONVERSION = YES;
				CLANG_WARN_DIRECT_OBJC_ISA_USAGE = YES_ERROR;
				CLANG_WARN_EMPTY_BODY = YES;
				CLANG_WARN_ENUM_CONVERSION = YES;
				CLANG_WARN_INFINITE_RECURSION = YES;
				CLANG_WARN_INT_CONVERSION = YES;
				CLANG_WARN_OBJC_ROOT_CLASS = YES_ERROR;
				CLANG_WARN_SUSPICIOUS_MOVE = YES;
				CLANG_WARN_UNREACHABLE_CODE = YES;
				CLANG_WARN__DUPLICATE_METHOD_MATCH = YES;
				"CODE_SIGN_IDENTITY[sdk=iphoneos*]" = "iPhone Developer";
				COPY_PHASE_STRIP = NO;
				DEBUG_INFORMATION_FORMAT = "dwarf-with-dsym";
				ENABLE_STRICT_OBJC_MSGSEND = YES;
				ENABLE_TESTABILITY = YES;
				GCC_C_LANGUAGE_STANDARD = gnu99;
				GCC_DYNAMIC_NO_PIC = NO;
				GCC_NO_COMMON_BLOCKS = YES;
				GCC_OPTIMIZATION_LEVEL = 0;
				GCC_PREPROCESSOR_DEFINITIONS = (
					"DEBUG=1",
					"$(inherited)",
				);
				GCC_SYMBOLS_PRIVATE_EXTERN = NO;
				GCC_WARN_64_TO_32_BIT_CONVERSION = YES;
				GCC_WARN_ABOUT_RETURN_TYPE = YES_ERROR;
				GCC_WARN_UNDECLARED_SELECTOR = YES;
				GCC_WARN_UNINITIALIZED_AUTOS = YES_AGGRESSIVE;
				GCC_WARN_UNUSED_FUNCTION = YES;
				GCC_WARN_UNUSED_VARIABLE = YES;
				IPHONEOS_DEPLOYMENT_TARGET = 8.3;
				MTL_ENABLE_DEBUG_INFO = YES;
				ONLY_ACTIVE_ARCH = YES;
				SDKROOT = iphoneos;
				SWIFT_OPTIMIZATION_LEVEL = "-Onone";
			};
			name = Debug;
		};
		607FACEE1AFB9204008FA782 /* Release */ = {
			isa = XCBuildConfiguration;
			buildSettings = {
				ALWAYS_SEARCH_USER_PATHS = NO;
				CLANG_CXX_LANGUAGE_STANDARD = "gnu++0x";
				CLANG_CXX_LIBRARY = "libc++";
				CLANG_ENABLE_MODULES = YES;
				CLANG_ENABLE_OBJC_ARC = YES;
				CLANG_WARN_BOOL_CONVERSION = YES;
				CLANG_WARN_CONSTANT_CONVERSION = YES;
				CLANG_WARN_DIRECT_OBJC_ISA_USAGE = YES_ERROR;
				CLANG_WARN_EMPTY_BODY = YES;
				CLANG_WARN_ENUM_CONVERSION = YES;
				CLANG_WARN_INFINITE_RECURSION = YES;
				CLANG_WARN_INT_CONVERSION = YES;
				CLANG_WARN_OBJC_ROOT_CLASS = YES_ERROR;
				CLANG_WARN_SUSPICIOUS_MOVE = YES;
				CLANG_WARN_UNREACHABLE_CODE = YES;
				CLANG_WARN__DUPLICATE_METHOD_MATCH = YES;
				"CODE_SIGN_IDENTITY[sdk=iphoneos*]" = "iPhone Developer";
				COPY_PHASE_STRIP = NO;
				DEBUG_INFORMATION_FORMAT = "dwarf-with-dsym";
				ENABLE_NS_ASSERTIONS = NO;
				ENABLE_STRICT_OBJC_MSGSEND = YES;
				GCC_C_LANGUAGE_STANDARD = gnu99;
				GCC_NO_COMMON_BLOCKS = YES;
				GCC_WARN_64_TO_32_BIT_CONVERSION = YES;
				GCC_WARN_ABOUT_RETURN_TYPE = YES_ERROR;
				GCC_WARN_UNDECLARED_SELECTOR = YES;
				GCC_WARN_UNINITIALIZED_AUTOS = YES_AGGRESSIVE;
				GCC_WARN_UNUSED_FUNCTION = YES;
				GCC_WARN_UNUSED_VARIABLE = YES;
				IPHONEOS_DEPLOYMENT_TARGET = 8.3;
				MTL_ENABLE_DEBUG_INFO = NO;
				SDKROOT = iphoneos;
				SWIFT_OPTIMIZATION_LEVEL = "-Owholemodule";
				VALIDATE_PRODUCT = YES;
			};
			name = Release;
		};
/* End XCBuildConfiguration section */

/* Begin XCConfigurationList section */
		10C976C11F6D96CB00B5BBF7 /* Build configuration list for PBXNativeTarget "InjectionTDD" */ = {
			isa = XCConfigurationList;
			buildConfigurations = (
				10C976C21F6D96CB00B5BBF7 /* Debug */,
				10C976C31F6D96CB00B5BBF7 /* Release */,
			);
			defaultConfigurationIsVisible = 0;
			defaultConfigurationName = Release;
		};
		10C976C41F6D96CB00B5BBF7 /* Build configuration list for PBXNativeTarget "InjectionTDDTests" */ = {
			isa = XCConfigurationList;
			buildConfigurations = (
				10C976C51F6D96CB00B5BBF7 /* Debug */,
				10C976C61F6D96CB00B5BBF7 /* Release */,
			);
			defaultConfigurationIsVisible = 0;
			defaultConfigurationName = Release;
		};
		607FACCB1AFB9204008FA782 /* Build configuration list for PBXProject "InjectionTDD" */ = {
			isa = XCConfigurationList;
			buildConfigurations = (
				607FACED1AFB9204008FA782 /* Debug */,
				607FACEE1AFB9204008FA782 /* Release */,
			);
			defaultConfigurationIsVisible = 0;
			defaultConfigurationName = Release;
		};
/* End XCConfigurationList section */
	};
	rootObject = 607FACC81AFB9204008FA782 /* Project object */;
}
